{
  "lockfileVersion": 1,
  "workspaces": {
    "": {
      "name": "minne-docs",
      "devDependencies": {
        "marked": "16.4.0",
      },
    },
  },
  "packages": {
    "marked": ["marked@16.4.0", "", { "bin": { "marked": "bin/marked.js" } }, "sha512-CTPAcRBq57cn3R8n3hwc2REddc28hjR7RzDXQ+lXLmMJYqn20BaI2cGw6QjgZGIgVfp2Wdfw4aMzgNteQ6qJgQ=="],
  }
}
