{
  "lockfileVersion": 1,
  "workspaces": {
    "": {
      "name": "minne-site",
      "dependencies": {
        "@fontsource-variable/familjen-grotesk": "5.3.0",
        "@fontsource-variable/source-serif-4": "5.3.0",
        "@fontsource/ibm-plex-mono": "5.3.0",
      },
    },
  },
  "packages": {
    "@fontsource-variable/familjen-grotesk": ["@fontsource-variable/familjen-grotesk@5.3.0", "", {}, "sha512-R9W0xEZRIHUV658cuOGRMAIcqX1QJ8p5/W6Boooa6zAw1BAozU//mr8C0VNggSE26/VHPwj2XNyMAG6yUJmjxA=="],

    "@fontsource-variable/source-serif-4": ["@fontsource-variable/source-serif-4@5.3.0", "", {}, "sha512-9vch9WqxjaaA+1o9Ur8pOgIGbCYLjRReOUel23A6lOpD1syptgjtkORevvNmldJ5kGXQL29onQUqI5Ltz0s3bQ=="],

    "@fontsource/ibm-plex-mono": ["@fontsource/ibm-plex-mono@5.3.0", "", {}, "sha512-eTgnZjZEGk1QtD3ZstF+Vclo2HLAni8YMy34/DxllwZvyz1lR/1RF/xTiAquOBO7MvqBx8D2Ig2WCPMVfdZu7Q=="],
  }
}
